
Microsoft Visual Studio Solution File, Format Version 12.00
# Visual Studio 2012
Project("{FAE04EC0-301F-11D3-BF4B-00C04F79EFBC}") = "Clarity", "Clarity\Clarity.csproj", "{647B6B82-924E-453E-8CDF-B05B9802BAFE}"
EndProject
Project("{FAE04EC0-301F-11D3-BF4B-00C04F79EFBC}") = "Clarity.Tests", "Clarity.Tests\Clarity.Tests.csproj", "{A7A2D72E-DABE-46BE-9096-75407A091375}"
EndProject
Project("{2150E333-8FDC-42A3-9474-1A3956D46DE8}") = ".nuget", ".nuget", "{706D8EA6-D9BF-4656-B686-2CD45126078A}"
	ProjectSection(SolutionItems) = preProject
		.nuget\NuGet.Config = .nuget\NuGet.Config
		.nuget\NuGet.exe = .nuget\NuGet.exe
		.nuget\NuGet.targets = .nuget\NuGet.targets
	EndProjectSection
EndProject
Global
	GlobalSection(SolutionConfigurationPlatforms) = preSolution
		Debug|Any CPU = Debug|Any CPU
		Release|Any CPU = Release|Any CPU
	EndGlobalSection
	GlobalSection(ProjectConfigurationPlatforms) = postSolution
		{647B6B82-924E-453E-8CDF-B05B9802BAFE}.Debug|Any CPU.ActiveCfg = Debug|Any CPU
		{647B6B82-924E-453E-8CDF-B05B9802BAFE}.Debug|Any CPU.Build.0 = Debug|Any CPU
		{647B6B82-924E-453E-8CDF-B05B9802BAFE}.Release|Any CPU.ActiveCfg = Release|Any CPU
		{647B6B82-924E-453E-8CDF-B05B9802BAFE}.Release|Any CPU.Build.0 = Release|Any CPU
		{A7A2D72E-DABE-46BE-9096-75407A091375}.Debug|Any CPU.ActiveCfg = Debug|Any CPU
		{A7A2D72E-DABE-46BE-9096-75407A091375}.Debug|Any CPU.Build.0 = Debug|Any CPU
		{A7A2D72E-DABE-46BE-9096-75407A091375}.Release|Any CPU.ActiveCfg = Release|Any CPU
		{A7A2D72E-DABE-46BE-9096-75407A091375}.Release|Any CPU.Build.0 = Release|Any CPU
	EndGlobalSection
	GlobalSection(SolutionProperties) = preSolution
		HideSolutionNode = FALSE
	EndGlobalSection
EndGlobal
